{
    "_meta": {
        "hash": {
            "sha256": "5f55b64cd62ca712180b870df2e8fac5b0210a3eced43979e8d5949a15968fa0"
        },
        "pipfile-spec": 6,
        "requires": {
            "python_version": "3.6.5"
        },
        "sources": [
            {
                "name": "pypi",
                "url": "https://pypi.python.org/simple",
                "verify_ssl": true
            }
        ]
    },
    "default": {
        "babel": {
            "hashes": [
                "sha256:6778d85147d5d85345c14a26aada5e478ab04e39b078b0745ee6870c2b5cf669",
                "sha256:8cba50f48c529ca3fa18cf81fa9403be176d374ac4d60738b839122dfaaa3d23"
            ],
            "version": "==2.6.0"
        },
        "bleach": {
            "hashes": [
                "sha256:b8fa79e91f96c2c2cd9fd1f9eda906efb1b88b483048978ba62fef680e962b34",
                "sha256:eb7386f632349d10d9ce9d4a838b134d4731571851149f9cc2c05a9a837a9a44"
            ],
            "index": "pypi",
            "version": "==2.1.3"
        },
        "boto3": {
            "hashes": [
                "sha256:7fdc2f6f21372572fec9df52e70b5ae11c263fe5905fc61dbd7ac3b01350cb4a",
                "sha256:e3ac48844b5ee6adafd27f6682efdd009a9c5f70abef0b72092d039ae3050279"
            ],
            "version": "==1.7.77"
        },
        "botocore": {
            "hashes": [
                "sha256:bcd30fdd029f4d402b39fd52d89e90cdc26b7fb1a56e4b5778e6eff00608fd11",
                "sha256:d9a0d504034f75341dde22a8917531071205dff92cc3f5f0962a3605951792b0"
            ],
            "version": "==1.10.77"
        },
        "certifi": {
            "hashes": [
                "sha256:4c1d68a1408dd090d2f3a869aa94c3947cc1d967821d1ed303208c9f41f0f2f4",
                "sha256:b6e8b28b2b7e771a41ecdd12d4d43262ecab52adebbafa42c77d6b57fb6ad3a4"
            ],
            "version": "==2018.8.13"
        },
        "chardet": {
            "hashes": [
                "sha256:84ab92ed1c4d4f16916e05906b6b75a6c0fb5db821cc65e70cbd64a3e2a5eaae",
                "sha256:fc323ffcaeaed0e0a02bf4d117757b98aed530d9ed4531e3e15460124c106691"
            ],
            "version": "==3.0.4"
        },
        "click": {
            "hashes": [
                "sha256:29f99fc6125fbc931b758dc053b3114e55c77a6e4c6c3a2674a2dc986016381d",
                "sha256:f15516df478d5a56180fbf80e68f206010e6d160fc39fa508b65e035fd75130b"
            ],
            "version": "==6.7"
        },
        "cloudinary": {
            "hashes": [
                "sha256:bd5a02e3d3cb28b22b6df2f45c23aa3b6ade934ce7a556c5ec45c1bacf962049"
            ],
            "index": "pypi",
            "version": "==1.12.0"
        },
        "croniter": {
            "hashes": [
                "sha256:64d5f8c719249694265190810ef2f051345007246c99a3879a35b393d593d668",
                "sha256:8ce5e4edd6f1956e70c8a31211cf86a7859aa1f0ff256107723582d79238e002"
            ],
            "version": "==0.3.25"
        },
        "defusedxml": {
            "hashes": [
                "sha256:24d7f2f94f7f3cb6061acb215685e5125fbcdc40a857eff9de22518820b0a4f4",
                "sha256:702a91ade2968a82beb0db1e0766a6a273f33d4616a6ce8cde475d8e09853b20"
            ],
            "version": "==0.5.0"
        },
        "dj-database-url": {
            "hashes": [
                "sha256:4aeaeb1f573c74835b0686a2b46b85990571159ffc21aa57ecd4d1e1cb334163",
                "sha256:851785365761ebe4994a921b433062309eb882fedd318e1b0fcecc607ed02da9"
            ],
            "index": "pypi",
            "version": "==0.5.0"
        },
        "django": {
            "hashes": [
                "sha256:8176ac7985fe6737ce3d6b2531b4a2453cb7c3377c9db00bacb2b3320f4a1311",
                "sha256:b18235d82426f09733d2de9910cee975cf52ff05e5f836681eb957d105a05a40"
            ],
            "index": "pypi",
            "version": "==1.11.15"
        },
        "django-ace": {
            "hashes": [
                "sha256:39ea305aeadc5bf67e676707c252f1f4ef9a69179ed737fa81a05066e45cab51",
                "sha256:c1dd7067dcf41f0f5dc523ca4f356b628fa2e5c57d88bacaae16bc0ff450f677"
            ],
            "index": "pypi",
            "version": "==1.0.4"
        },
        "django-allauth": {
            "hashes": [
                "sha256:7d9646e3560279d6294ebb4c361fef829708d106da697658cf158bf2ca57b474"
            ],
            "index": "pypi",
            "version": "==0.36.0"
        },
        "django-appconf": {
            "hashes": [
                "sha256:6a4d9aea683b4c224d97ab8ee11ad2d29a37072c0c6c509896dd9857466fb261",
                "sha256:ddab987d14b26731352c01ee69c090a4ebfc9141ed223bef039d79587f22acd9"
            ],
            "version": "==1.0.2"
        },
        "django-apptemplates": {
            "hashes": [
                "sha256:9e8b33b156c57ac2a7f6d747faaddfeb27682d7441375e1ee88c220557b36786"
            ],
            "index": "pypi",
            "version": "==1.4"
        },
        "django-compressor": {
            "hashes": [
                "sha256:7732676cfb9d58498dfb522b036f75f3f253f72ea1345ac036434fdc418c2e57",
                "sha256:9616570e5b08e92fa9eadc7a1b1b49639cce07ef392fc27c74230ab08075b30f"
            ],
            "index": "pypi",
            "version": "==2.2"
        },
        "django-debug-toolbar": {
            "hashes": [
                "sha256:4af2a4e1e932dadbda197b18585962d4fc20172b4e5a479490bc659fe998864d",
                "sha256:d9ea75659f76d8f1e3eb8f390b47fc5bad0908d949c34a8a3c4c87978eb40a0f"
            ],
            "index": "pypi",
            "version": "==1.9.1"
        },
        "django-enumfields": {
            "hashes": [
                "sha256:6a69868afac1ce6153760fdcce74361dac7b74bdf0c5cf58c7456aa731cf2d4b"
            ],
            "index": "pypi",
            "version": "==0.10.1"
        },
        "django-html-validator": {
            "git": "https://github.com/stenington/django-html-validator.git"
        },
        "django-model-utils": {
            "hashes": [
                "sha256:2c057f3bf0859aba27f04389f0cedd2d48f8c9b3848acb86fd9970794e58f477",
                "sha256:8cd377744aa45f9f131d652ec460c57d1aaa88d3e9b586c8e27eb709341b9084"
            ],
            "version": "==3.1.2"
        },
        "django-notifications-hq": {
            "hashes": [
                "sha256:bbf1fbc7c7accfe79c1cf2da5fde96cd3e27e22d27108e6f368a91b26ef75450"
            ],
            "index": "pypi",
            "version": "==1.4.0"
        },
        "django-ordered-model": {
            "hashes": [
                "sha256:05c3148731031647060bf02a2b5fe43165d370d629576ae755e3437617ea7f8c"
            ],
            "index": "pypi",
            "version": "==2.0.0"
        },
        "django-phonenumber-field": {
            "hashes": [
                "sha256:d96c274a6aa9afd4eb4fe922e475a45706d997b2bea22b87f3afc9fb0012db84"
            ],
            "index": "pypi",
            "version": "==2.0.0"
        },
        "django-recaptcha": {
            "hashes": [
                "sha256:88d477a24a87b2f4dbc5102df8b1d123ab027dc1f401e9055e2576fafa2984b2",
                "sha256:8dccdfd4fd4c765b786a69685b14175ef9cd8676a18d0d58c38debcaadc4daee"
            ],
            "index": "pypi",
            "version": "==1.4.0"
        },
        "django-rq": {
            "hashes": [
                "sha256:413df6e5789775b287b4b187ea09ff27f5f1d8205e999650ba9e52c34d58d252",
                "sha256:71a604d4bfc18029c2f64da86bfadb803143f5784b3a340e3767202ced93245a"
            ],
            "index": "pypi",
            "version": "==1.1.0"
        },
        "django-s3-storage": {
            "hashes": [
                "sha256:57a6b6ca3efde28b7612d4d9f6f8622c4fdd11aa933e1d9f07a5da722a54eff3"
            ],
            "index": "pypi",
            "version": "==0.12.4"
        },
        "django-s3direct": {
            "hashes": [
                "sha256:65b90e91e4ea3af071409f280094cc4721417f0ed141f30e2823380356ad15da"
            ],
            "index": "pypi",
            "version": "==1.0.4"
        },
        "django-simple-redis": {
            "hashes": [
                "sha256:3c5dfa757f3e9df17541f04bb02b9c1e348c450f6f5385e40e513063e0e2318b",
                "sha256:6091968157911e46790957c04ffe33fd6060abaf354f167918889322c485c7f5",
                "sha256:cd270a024ef1e296198417cfe78b092c8679b4b4e2dad44e7599412e34947ddb"
            ],
            "index": "pypi",
            "version": "==0.0.1"
        },
        "django-staticflatpages": {
            "hashes": [
                "sha256:0071004c08230eb963a2616ebbdd9ae013c9227a2b388fef5f21b8322bd8ad9d"
            ],
            "index": "pypi",
            "version": "==0.5.0"
        },
        "django-summernote": {
            "hashes": [
                "sha256:6561d041cd0653b5069d0b8ada6f182d88eea038a6e2540229c1efd52a36a31a"
            ],
            "index": "pypi",
            "version": "==0.8.8.8"
        },
        "django-webpack-loader": {
            "hashes": [
                "sha256:60bab6b9a037a5346fad12d2a70a6bc046afb33154cf75ed640b93d3ebd5f520",
                "sha256:970b968c2a8975fb7eff56a3bab5d0d90d396740852d1e0c50c5cfe2b824199a"
            ],
            "index": "pypi",
            "version": "==0.6.0"
        },
        "django-widget-tweaks": {
            "hashes": [
                "sha256:a31c8a2b88af98dba6471db4722a416d1c643c87efecf9a7f17f983a2a553632",
                "sha256:f9961162c8ed272162e22e5877d29c7780476970441dce605118ef66da685e71"
            ],
            "index": "pypi",
            "version": "==1.4.2"
        },
        "djangorestframework": {
            "hashes": [
                "sha256:b6714c3e4b0f8d524f193c91ecf5f5450092c2145439ac2769711f7eba89a9d9",
                "sha256:c375e4f95a3a64fccac412e36fb42ba36881e52313ec021ef410b40f67cddca4"
            ],
            "index": "pypi",
            "version": "==3.8.2"
        },
        "docopt": {
            "hashes": [
                "sha256:b752582228e280b7be3677c5a758a352e352ad0bde3a849fd51f79239e88e475"
            ],
            "version": "==0.4.0"
        },
        "docutils": {
            "hashes": [
                "sha256:02aec4bd92ab067f6ff27a38a38a41173bf01bed8f89157768c1573f53e474a6",
                "sha256:51e64ef2ebfb29cae1faa133b3710143496eca21c530f3f71424d77687764274",
                "sha256:7a4bd47eaf6596e1295ecb11361139febe29b084a87bf005bf899f9a42edc3c6"
            ],
            "version": "==0.14"
        },
        "enum34": {
            "hashes": [
                "sha256:2d81cbbe0e73112bdfe6ef8576f2238f2ba27dd0d55752a776c41d38b7da2850",
                "sha256:644837f692e5f550741432dd3f223bbb9852018674981b1664e5dc339387588a",
                "sha256:6bd0f6ad48ec2aa117d3d141940d484deccda84d4fcd884f5c3d93c23ecd8c79",
                "sha256:8ad8c4783bf61ded74527bffb48ed9b54166685e4230386a9ed9b1279e2df5b1"
            ],
            "index": "pypi",
            "version": "==1.1.6"
        },
        "factory-boy": {
            "hashes": [
                "sha256:6f25cc4761ac109efd503f096e2ad99421b1159f01a29dbb917359dcd68e08ca",
                "sha256:d552cb872b310ae78bd7429bf318e42e1e903b1a109e899a523293dfa762ea4f"
            ],
            "index": "pypi",
            "version": "==2.11.1"
        },
        "faker": {
            "hashes": [
                "sha256:ea7cfd3aeb1544732d08bd9cfba40c5b78e3a91e17b1a0698ab81bfc5554c628",
                "sha256:f6d67f04abfb2b4bea7afc7fa6c18cf4c523a67956e455668be9ae42bccc21ad"
            ],
            "version": "==0.9.0"
        },
        "hellosign-python-sdk": {
            "hashes": [
                "sha256:488263940dc652c871f3008cf150ee9de40faf7c2b4799e8cc6066bc2161ba88"
            ],
            "index": "pypi",
            "version": "==3.8.7"
        },
        "html5lib": {
            "hashes": [
                "sha256:20b159aa3badc9d5ee8f5c647e5efd02ed2a66ab8d354930bd9ff139fc1dc0a3",
                "sha256:66cb0dcfdbbc4f9c3ba1a63fdb511ffdbd4f513b2b6d81b80cd26ce6b3fb3736"
            ],
            "version": "==1.0.1"
        },
        "idna": {
            "hashes": [
                "sha256:156a6814fb5ac1fc6850fb002e0852d56c0c8d2531923a51032d1b70760e186e",
                "sha256:684a38a6f903c1d71d6d5fac066b58d7768af4de2b832e426ec79c30daa94a16"
            ],
            "version": "==2.7"
        },
        "jmespath": {
            "hashes": [
                "sha256:6a81d4c9aa62caf061cb517b4d9ad1dd300374cd4706997aff9cd6aedd61fc64",
                "sha256:f11b4461f425740a1d908e9a3f7365c3d2e569f6ca68a2ff8bc5bcd9676edd63"
            ],
            "version": "==0.9.3"
        },
        "jsonfield": {
            "hashes": [
                "sha256:a0a7fdee736ff049059409752b045281a225610fecbda9b9bd588ba976493c12",
                "sha256:beb1cd4850d6d6351c32daefcb826c01757744e9c863228a642f87a1a4acb834"
            ],
            "version": "==2.0.2"
        },
        "mandrill": {
            "hashes": [
                "sha256:69664b8926481e593aa3d1fb41d7a31685a77cb38b46be2c4fe1db66d911b7ac"
            ],
            "index": "pypi",
            "version": "==1.0.57"
        },
        "mock": {
            "hashes": [
                "sha256:5ce3c71c5545b472da17b72268978914d0252980348636840bd34a00b5cc96c1",
                "sha256:b158b6df76edd239b8208d481dc46b6afd45a846b7812ff0ce58971cf5bc8bba"
            ],
            "version": "==2.0.0"
        },
        "newrelic": {
            "hashes": [
                "sha256:916f96ded421efa1c5f97d24fa4131cce513039b6e875ccbd090b852dddc104e"
            ],
            "index": "pypi",
            "version": "==3.2.2.94"
        },
        "oauthlib": {
            "hashes": [
                "sha256:ac35665a61c1685c56336bda97d5eefa246f1202618a1d6f34fccb1bdd404162",
                "sha256:d883b36b21a6ad813953803edfa563b1b579d79ca758fe950d1bc9e8b326025b"
            ],
            "version": "==2.1.0"
        },
        "pbr": {
            "hashes": [
                "sha256:1b8be50d938c9bb75d0eaf7eda111eec1bf6dc88a62a6412e33bf077457e0f45",
                "sha256:b486975c0cafb6beeb50ca0e17ba047647f229087bd74e37f4a7e2cac17d2caa"
            ],
            "version": "==4.2.0"
        },
        "phonenumberslite": {
            "hashes": [
                "sha256:1ccb25d6656bbcc0df52bac2ffc2558c54532657797ae4ce37396757ab4f1fff",
                "sha256:3a9a3e68be823d22b3ed284ae984222d7f8bf6682ad37b35c658c2cf36ca12eb"
            ],
            "version": "==8.9.10"
        },
        "psycopg2-binary": {
            "hashes": [
                "sha256:04afb59bbbd2eab3148e6816beddc74348078b8c02a1113ea7f7822f5be4afe3",
                "sha256:098b18f4d8857a8f9b206d1dc54db56c2255d5d26458917e7bcad61ebfe4338f",
                "sha256:0bf855d4a7083e20ead961fda4923887094eaeace0ab2d76eb4aa300f4bbf5bd",
                "sha256:197dda3ffd02057820be83fe4d84529ea70bf39a9a4daee1d20ffc74eb3d042e",
                "sha256:278ef63afb4b3d842b4609f2c05ffbfb76795cf6a184deeb8707cd5ed3c981a5",
                "sha256:3cbf8c4fc8f22f0817220891cf405831559f4d4c12c4f73913730a2ea6c47a47",
                "sha256:4305aed922c4d9d6163ab3a41d80b5a1cfab54917467da8168552c42cad84d32",
                "sha256:47ee296f704fb8b2a616dec691cdcfd5fa0f11943955e88faa98cbd1dc3b3e3d",
                "sha256:4a0e38cb30457e70580903367161173d4a7d1381eb2f2cfe4e69b7806623f484",
                "sha256:4d6c294c6638a71cafb82a37f182f24321f1163b08b5d5ca076e11fe838a3086",
                "sha256:4f3233c366500730f839f92833194fd8f9a5c4529c8cd8040aa162c3740de8e5",
                "sha256:5221f5a3f4ca2ddf0d58e8b8a32ca50948be9a43351fda797eb4e72d7a7aa34d",
                "sha256:5c6ca0b507540a11eaf9e77dee4f07c131c2ec80ca0cffa146671bf690bc1c02",
                "sha256:789bd89d71d704db2b3d5e67d6d518b158985d791d3b2dec5ab85457cfc9677b",
                "sha256:7b94d29239efeaa6a967f3b5971bd0518d2a24edd1511edbf4a2c8b815220d07",
                "sha256:89bc65ef3301c74cf32db25334421ea6adbe8f65601ea45dcaaf095abed910bb",
                "sha256:89d6d3a549f405c20c9ae4dc94d7ed2de2fa77427a470674490a622070732e62",
                "sha256:97521704ac7127d7d8ba22877da3c7bf4a40366587d238ec679ff38e33177498",
                "sha256:a395b62d5f44ff6f633231abe568e2203b8fabf9797cd6386aa92497df912d9a",
                "sha256:a6d32c37f714c3f34158f3fa659f3a8f2658d5f53c4297d45579b9677cc4d852",
                "sha256:a89ee5c26f72f2d0d74b991ce49e42ddeb4ac0dc2d8c06a0f2770a1ab48f4fe0",
                "sha256:b4c8b0ef3608e59317bfc501df84a61e48b5445d45f24d0391a24802de5f2d84",
                "sha256:b5fcf07140219a1f71e18486b8dc28e2e1b76a441c19374805c617aa6d9a9d55",
                "sha256:b86f527f00956ecebad6ab3bb30e3a75fedf1160a8716978dd8ce7adddedd86f",
                "sha256:be4c4aa22ba22f70de36c98b06480e2f1697972d49eb20d525f400d204a6d272",
                "sha256:c2ac7aa1a144d4e0e613ac7286dae85671e99fe7a1353954d4905629c36b811c",
                "sha256:de26ef4787b5e778e8223913a3e50368b44e7480f83c76df1f51d23bd21cea16",
                "sha256:e70ebcfc5372dc7b699c0110454fc4263967f30c55454397e5769eb72c0eb0ce",
                "sha256:eadbd32b6bc48b67b0457fccc94c86f7ccc8178ab839f684eb285bb592dc143e",
                "sha256:ecbc6dfff6db06b8b72ae8a2f25ff20fbdcb83cb543811a08f7cb555042aa729"
            ],
            "index": "pypi",
            "version": "==2.7.5"
        },
        "pycountry": {
            "hashes": [
                "sha256:195d8174fd6f98f45622d2885826091fc8b2168184422dac574311073ab8386c",
                "sha256:7f2aa2529c60f6575af3cd644688b201b97016822ce0ce1c4bcc0f7d08900997",
                "sha256:ea38f839e719be54dfae1b089cbf1917add6ff8f43a55533d8c7c5799656a848"
            ],
            "index": "pypi",
            "version": "==18.5.26"
        },
        "python-dateutil": {
            "hashes": [
                "sha256:1adb80e7a782c12e52ef9a8182bebeb73f1d7e24e374397af06fb4956c8dc5c0",
                "sha256:e27001de32f627c22380a688bcc43ce83504a7bc5da472209b4c70f02829f0b8"
            ],
            "index": "pypi",
            "version": "==2.7.3"
        },
        "python-dotenv": {
            "hashes": [
                "sha256:4965ed170bf51c347a89820e8050655e9c25db3837db6602e906b6d850fad85c",
                "sha256:509736185257111613009974e666568a1b031b028b61b500ef1ab4ee780089d5"
            ],
            "index": "pypi",
            "version": "==0.8.2"
        },
        "python3-openid": {
            "hashes": [
                "sha256:0086da6b6ef3161cfe50fb1ee5cceaf2cda1700019fda03c2c5c440ca6abe4fa",
                "sha256:628d365d687e12da12d02c6691170f4451db28d6d68d050007e4a40065868502"
            ],
            "version": "==3.1.0"
        },
        "pytz": {
            "hashes": [
                "sha256:a061aa0a9e06881eb8b3b2b43f05b9439d6583c206d0a6c340ff72a7b6669053",
                "sha256:ffb9ef1de172603304d9d2819af6f5ece76f2e85ec10692a524dd876e72bf277"
            ],
            "version": "==2018.5"
        },
        "rcssmin": {
            "hashes": [
                "sha256:ca87b695d3d7864157773a61263e5abb96006e9ff0e021eff90cbe0e1ba18270"
            ],
            "version": "==1.0.6"
        },
        "redis": {
            "hashes": [
                "sha256:8a1900a9f2a0a44ecf6e8b5eb3e967a9909dfed219ad66df094f27f7d6f330fb",
                "sha256:a22ca993cea2962dbb588f9f30d0015ac4afcc45bee27d3978c0dbe9e97c6c0f"
            ],
            "index": "pypi",
            "version": "==2.10.6"
        },
        "requests": {
            "hashes": [
                "sha256:63b52e3c866428a224f97cab011de738c36aec0185aa91cfacd418b5d58911d1",
                "sha256:ec22d826a36ed72a7358ff3fe56cbd4ba69dd7a6718ffd450ff0e9df7a47ce6a"
            ],
            "index": "pypi",
            "version": "==2.19.1"
        },
        "requests-oauthlib": {
            "hashes": [
                "sha256:8886bfec5ad7afb391ed5443b1f697c6f4ae98d0e5620839d8b4499c032ada3f",
                "sha256:e21232e2465808c0e892e0e4dbb8c2faafec16ac6dc067dd546e9b466f3deac8",
                "sha256:fe3282f48fb134ee0035712159f5429215459407f6d5484013343031ff1a400d"
            ],
            "version": "==1.0.0"
        },
        "rjsmin": {
            "hashes": [
                "sha256:dd9591aa73500b08b7db24367f8d32c6470021f39d5ab4e50c7c02e4401386f1"
            ],
            "version": "==1.0.12"
        },
        "rollbar": {
            "hashes": [
                "sha256:f699a75572ef0b2676665cffefc0cf1d3bd3e604a0dfc68ccb001ce2a58453d6"
            ],
            "index": "pypi",
            "version": "==0.14.2"
        },
        "rq": {
            "hashes": [
                "sha256:4f494d8554d45748b8fb91454a18e2293f305230eaec45b740c94a280aeaa682",
                "sha256:f997d28c5e69aef38e9162572f78c424a7deff4cd00efae125085d4c1fbcc15b"
            ],
            "index": "pypi",
            "version": "==0.11.0"
        },
        "rq-scheduler": {
            "hashes": [
                "sha256:ae609515d408ebd33e7869fa0abe97ddb203b6ada0d6591531dbc9c4f0f8ac3c",
                "sha256:c09048a3b64dedc12e16d08f441f093618a959c46f0f2f439897752c70a7f104"
            ],
            "index": "pypi",
            "version": "==0.7.0"
        },
        "s3transfer": {
            "hashes": [
                "sha256:90dc18e028989c609146e241ea153250be451e05ecc0c2832565231dacdf59c1",
                "sha256:c7a9ec356982d5e9ab2d4b46391a7d6a950e2b04c472419f5fdec70cc0ada72f"
            ],
            "version": "==0.1.13"
        },
        "six": {
            "hashes": [
                "sha256:70e8a77beed4562e7f14fe23a786b54f6296e34344c23bc42f07b15018ff98e9",
                "sha256:832dc0e10feb1aa2c68dcc57dbb658f1c7e65b9b61af69048abc87a2db00a0eb"
            ],
            "version": "==1.11.0"
        },
        "sqlparse": {
            "hashes": [
                "sha256:ce028444cfab83be538752a2ffdb56bc417b7784ff35bb9a3062413717807dec",
                "sha256:d9cf190f51cbb26da0412247dfe4fb5f4098edb73db84e02f9fc21fdca31fed4"
            ],
            "version": "==0.2.4"
        },
        "text-unidecode": {
            "hashes": [
                "sha256:5a1375bb2ba7968740508ae38d92e1f889a0832913cb1c447d5e2046061a396d",
                "sha256:801e38bd550b943563660a91de8d4b6fa5df60a542be9093f7abf819f86050cc"
            ],
            "version": "==1.2"
        },
        "tinys3": {
            "hashes": [
                "sha256:c92ba9705fce90456f97c25cf7c263df3a269560c3e00e0d48bc8ee47e55998b"
            ],
            "index": "pypi",
            "version": "==0.1.12"
        },
        "urllib3": {
            "hashes": [
                "sha256:a68ac5e15e76e7e5dd2b8f94007233e01effe3e50e8daddf69acfd81cb686baf",
                "sha256:b5725a0bd4ba422ab0e66e89e030c806576753ea3ee08554382c14e685d117b5"
            ],
            "version": "==1.23"
        },
        "waitress": {
            "hashes": [
                "sha256:40b0f297a7f3af61fbfbdc67e59090c70dc150a1601c39ecc9f5f1d283fb931b",
                "sha256:d33cd3d62426c0f1b3cd84ee3d65779c7003aae3fc060dee60524d10a57f05a9"
            ],
            "index": "pypi",
            "version": "==1.1.0"
        },
        "webencodings": {
            "hashes": [
                "sha256:a0af1213f3c2226497a97e2b3aa01a7e4bee4f403f95be16fc9acd2947514a78",
                "sha256:b36a1c245f2d304965eb4e0a82848379241dc04b865afcc4aab16748587e1923"
            ],
            "version": "==0.5.1"
        },
        "whitenoise": {
            "hashes": [
                "sha256:15f43b2e701821b95c9016cf469d29e2a546cb1c7dead584ba82c36f843995cf",
                "sha256:9d81515f2b5b27051910996e1e860b1332e354d9e7bcf30c98f21dcb6713e0dd"
            ],
            "index": "pypi",
            "version": "==3.3.1"
        },
        "zencoder": {
            "hashes": [
                "sha256:11b10cb88afa141a1504b8b0edc4c3bd7e202bd7587c7e819729a1b2d3b38435"
            ],
            "index": "pypi",
            "version": "==0.6.5"
        }
    },
    "develop": {
        "atomicwrites": {
            "hashes": [
                "sha256:240831ea22da9ab882b551b31d4225591e5e447a68c5e188db5b89ca1d487585",
                "sha256:a24da68318b08ac9c9c45029f4a10371ab5b20e4226738e150e6e7c571630ae6"
            ],
            "version": "==1.1.5"
        },
        "attrs": {
            "hashes": [
                "sha256:4b90b09eeeb9b88c35bc642cbac057e45a5fd85367b985bd2809c62b7b939265",
                "sha256:e0d0eb91441a3b53dab4d9b743eafc1ac44476296a2053b6ca3af0b139faf87b"
            ],
            "version": "==18.1.0"
        },
        "coverage": {
            "hashes": [
                "sha256:03481e81d558d30d230bc12999e3edffe392d244349a90f4ef9b88425fac74ba",
                "sha256:0b136648de27201056c1869a6c0d4e23f464750fd9a9ba9750b8336a244429ed",
                "sha256:104ab3934abaf5be871a583541e8829d6c19ce7bde2923b2751e0d3ca44db60a",
                "sha256:10a46017fef60e16694a30627319f38a2b9b52e90182dddb6e37dcdab0f4bf95",
                "sha256:15b111b6a0f46ee1a485414a52a7ad1d703bdf984e9ed3c288a4414d3871dcbd",
                "sha256:198626739a79b09fa0a2f06e083ffd12eb55449b5f8bfdbeed1df4910b2ca640",
                "sha256:1c383d2ef13ade2acc636556fd544dba6e14fa30755f26812f54300e401f98f2",
                "sha256:23d341cdd4a0371820eb2b0bd6b88f5003a7438bbedb33688cd33b8eae59affd",
                "sha256:28b2191e7283f4f3568962e373b47ef7f0392993bb6660d079c62bd50fe9d162",
                "sha256:2a5b73210bad5279ddb558d9a2bfedc7f4bf6ad7f3c988641d83c40293deaec1",
                "sha256:2eb564bbf7816a9d68dd3369a510be3327f1c618d2357fa6b1216994c2e3d508",
                "sha256:337ded681dd2ef9ca04ef5d93cfc87e52e09db2594c296b4a0a3662cb1b41249",
                "sha256:3a2184c6d797a125dca8367878d3b9a178b6fdd05fdc2d35d758c3006a1cd694",
                "sha256:3c79a6f7b95751cdebcd9037e4d06f8d5a9b60e4ed0cd231342aa8ad7124882a",
                "sha256:3d72c20bd105022d29b14a7d628462ebdc61de2f303322c0212a054352f3b287",
                "sha256:3eb42bf89a6be7deb64116dd1cc4b08171734d721e7a7e57ad64cc4ef29ed2f1",
                "sha256:4635a184d0bbe537aa185a34193898eee409332a8ccb27eea36f262566585000",
                "sha256:56e448f051a201c5ebbaa86a5efd0ca90d327204d8b059ab25ad0f35fbfd79f1",
                "sha256:5a13ea7911ff5e1796b6d5e4fbbf6952381a611209b736d48e675c2756f3f74e",
                "sha256:69bf008a06b76619d3c3f3b1983f5145c75a305a0fea513aca094cae5c40a8f5",
                "sha256:6bc583dc18d5979dc0f6cec26a8603129de0304d5ae1f17e57a12834e7235062",
                "sha256:701cd6093d63e6b8ad7009d8a92425428bc4d6e7ab8d75efbb665c806c1d79ba",
                "sha256:7608a3dd5d73cb06c531b8925e0ef8d3de31fed2544a7de6c63960a1e73ea4bc",
                "sha256:76ecd006d1d8f739430ec50cc872889af1f9c1b6b8f48e29941814b09b0fd3cc",
                "sha256:7aa36d2b844a3e4a4b356708d79fd2c260281a7390d678a10b91ca595ddc9e99",
                "sha256:7d3f553904b0c5c016d1dad058a7554c7ac4c91a789fca496e7d8347ad040653",
                "sha256:7e1fe19bd6dce69d9fd159d8e4a80a8f52101380d5d3a4d374b6d3eae0e5de9c",
                "sha256:8c3cb8c35ec4d9506979b4cf90ee9918bc2e49f84189d9bf5c36c0c1119c6558",
                "sha256:9d6dd10d49e01571bf6e147d3b505141ffc093a06756c60b053a859cb2128b1f",
                "sha256:9e112fcbe0148a6fa4f0a02e8d58e94470fc6cb82a5481618fea901699bf34c4",
                "sha256:ac4fef68da01116a5c117eba4dd46f2e06847a497de5ed1d64bb99a5fda1ef91",
                "sha256:b8815995e050764c8610dbc82641807d196927c3dbed207f0a079833ffcf588d",
                "sha256:be6cfcd8053d13f5f5eeb284aa8a814220c3da1b0078fa859011c7fffd86dab9",
                "sha256:c1bb572fab8208c400adaf06a8133ac0712179a334c09224fb11393e920abcdd",
                "sha256:de4418dadaa1c01d497e539210cb6baa015965526ff5afc078c57ca69160108d",
                "sha256:e05cb4d9aad6233d67e0541caa7e511fa4047ed7750ec2510d466e806e0255d6",
                "sha256:e4d96c07229f58cb686120f168276e434660e4358cc9cf3b0464210b04913e77",
                "sha256:f3f501f345f24383c0000395b26b726e46758b71393267aeae0bd36f8b3ade80",
                "sha256:f8a923a85cb099422ad5a2e345fe877bbc89a8a8b23235824a93488150e45f6e"
            ],
            "index": "pypi",
            "version": "==4.5.1"
        },
        "cssselect": {
            "hashes": [
                "sha256:066d8bc5229af09617e24b3ca4d52f1f9092d9e061931f4184cd572885c23204",
                "sha256:3b5103e8789da9e936a68d993b70df732d06b8bb9a337a05ed4eb52c17ef7206"
            ],
            "version": "==1.0.3"
        },
        "django-extensions": {
            "hashes": [
                "sha256:c3c8524056ab1174c6fc769b0599e60f7e7797ce34f38db2effc48885a0a982c",
                "sha256:e279344c6d825adb27694755aa924702d3cc401f8fad5ad9ef2d577948778a5f"
            ],
            "index": "pypi",
            "version": "==2.1.0"
        },
        "django-html-validator": {
            "git": "https://github.com/stenington/django-html-validator.git"
        },
        "lxml": {
            "hashes": [
                "sha256:0cf1eca0652c4409e0655e04b840d6d85b7eb18718f5fba3862acad5500e3480",
                "sha256:10624ef1b468252309f269b13af4f837e3a82be366b5f3e49b0e83f1ad66205f",
                "sha256:1259e374da3a575615fe402e0966c5894bae3d2e229c2239ba4ebf2bb020c4b6",
                "sha256:26bb748af1ead0097eb8272b8a06f15a0015b8f312eef772a95f223a16e7de56",
                "sha256:27d0b13bcfcf2f6a5664e64fc3d684c76db1cdba5a5761795d154063559e0b59",
                "sha256:2b013fdabcbc21bc2770437099b921ec290235752b5baaac7a601f75094a378d",
                "sha256:2e469ea2c0b722b9b393187649e7d126c537a68512fc92a676fe86e57050c2a9",
                "sha256:37f7c2cdf513a0ea239c1609681880fb2f0073de0d2996e0ae9a7f0ef15d8b95",
                "sha256:68c6afc7a4411db2df28307e2493c945cb3d887e8f431b81811c1ea6ba087b8b",
                "sha256:73fe3452fc02c0b418914f842f897bdad0f1184368d8d9c315294ff7b94946f2",
                "sha256:7584d83d7315f641510e5f97f4d636ea225fd76e3f8aee965b2e8c93a8169b4d",
                "sha256:76e3ec6b26b1198dd5e6e20539d8360dcd3b224cd80cadba9307b790fda79161",
                "sha256:8288a889cbaa446e5fa168837456e63098b91953c89e5857968a5091b337cdca",
                "sha256:ad9e1fee284dec97b74cd88e925eca1575145598c974243cfb5e859f406adc32",
                "sha256:b360c3769cf0fd7d82577e40e37d4caf693f67744d0d61d11d66b5c31eaccf7a",
                "sha256:c4aaf320284a2713428163bae0e7df0db3b489237ab4830179210a12d56d3068",
                "sha256:c530274e43b0f376cd94e8e0a3e6ea28de1739ec4326689bdbf626e172d2e614",
                "sha256:ca4e79294fd0f3f9e0e5a4c309df84b5f2abc62349bfaf2aaf8965e5108ef8e2",
                "sha256:ce2dc5a104e885abbd48d0cc92ae74afa1d685ee65d6e3497067207d6a26e177",
                "sha256:d295cac30d3e13e82473081ea7df2a11352b5625cb54187fcd5a8be5d9ebf315",
                "sha256:d498338b39c4757ba88bdc705b3a0647d18554856cd2d394ac3bb919ac890c9d",
                "sha256:d537f8e613074805e17039e345edaa822534f66f07d315c89cff9824aa996d65",
                "sha256:df8ba3f52ef59a553b0e94593ea526c34faa4f531c1ab7f5ca7f392bc770c9e3",
                "sha256:e2553800d2d461a2dc329682d0a9068f238ec11d763e5454c61c4df7a0346ed2",
                "sha256:e2afbe403090f5893e254958d02875e0732975e73c4c0cdd33c1f009a61963ca",
                "sha256:e740efa625883f3c4de20c7e1411228d7ce2ab47b9e874a703f6681ec0558a30",
                "sha256:ec7864b62da0f5ae44973351247f2250a25b9b544fc6aff8bd6a75da1156cc70",
                "sha256:f26ddab491b10279b7e8e3fdcbaaaba3ab282fbaecfa48a19874dfc4d53b9d4f",
                "sha256:f6a16681f30918521066ddcc4ba79c1e033c9837dd94f78f5a9f6110e7572185",
                "sha256:f968623ac9b81a6253d4bbbe3f4d1e6be5f33707f397b566935783511bfa281a"
            ],
            "version": "==4.2.4"
        },
        "mock": {
            "hashes": [
                "sha256:5ce3c71c5545b472da17b72268978914d0252980348636840bd34a00b5cc96c1",
                "sha256:b158b6df76edd239b8208d481dc46b6afd45a846b7812ff0ce58971cf5bc8bba"
            ],
            "version": "==2.0.0"
        },
        "more-itertools": {
            "hashes": [
                "sha256:c187a73da93e7a8acc0001572aebc7e3c69daf7bf6881a2cea10650bd4420092",
                "sha256:c476b5d3a34e12d40130bc2f935028b5f636df8f372dc2c1c01dc19681b2039e",
                "sha256:fcbfeaea0be121980e15bc97b3817b5202ca73d0eae185b4550cbfce2a3ebb3d"
            ],
            "version": "==4.3.0"
        },
        "pbr": {
            "hashes": [
                "sha256:1b8be50d938c9bb75d0eaf7eda111eec1bf6dc88a62a6412e33bf077457e0f45",
                "sha256:b486975c0cafb6beeb50ca0e17ba047647f229087bd74e37f4a7e2cac17d2caa"
            ],
            "version": "==4.2.0"
        },
        "pluggy": {
            "hashes": [
                "sha256:6e3836e39f4d36ae72840833db137f7b7d35105079aee6ec4a62d9f80d594dd1",
                "sha256:95eb8364a4708392bae89035f45341871286a333f749c3141c20573d2b3876e1"
            ],
            "version": "==0.7.1"
        },
        "pretend": {
            "hashes": [
                "sha256:c90eb810cde8ebb06dafcb8796f9a95228ce796531bc806e794c2f4649aa1b10",
                "sha256:e389b12b7073604be67845dbe32bf8297360ad9a609b24846fe15d86e0b7dc01"
            ],
            "index": "pypi",
            "version": "==1.0.9"
        },
        "py": {
            "hashes": [
                "sha256:3fd59af7435864e1a243790d322d763925431213b6b8529c6ca71081ace3bbf7",
                "sha256:e31fb2767eb657cbde86c454f02e99cb846d3cd9d61b318525140214fdc0e98e"
            ],
            "version": "==1.5.4"
        },
        "pyquery": {
            "hashes": [
                "sha256:07987c2ed2aed5cba29ff18af95e56e9eb04a2249f42ce47bddfb37f487229a3",
                "sha256:4771db76bd14352eba006463656aef990a0147a0eeaf094725097acfa90442bf"
            ],
            "index": "pypi",
            "version": "==1.4.0"
        },
        "pytest": {
            "hashes": [
                "sha256:86a8dbf407e437351cef4dba46736e9c5a6e3c3ac71b2e942209748e76ff2086",
                "sha256:e74466e97ac14582a8188ff4c53e6cc3810315f342f6096899332ae864c1d432"
            ],
            "index": "pypi",
            "version": "==3.7.1"
        },
        "pytest-cov": {
            "hashes": [
                "sha256:03aa752cf11db41d281ea1d807d954c4eda35cfa1b21d6971966cc041bbf6e2d",
                "sha256:890fe5565400902b0c78b5357004aab1c814115894f4f21370e2433256a3eeec"
            ],
            "index": "pypi",
            "version": "==2.5.1"
        },
        "pytest-django": {
            "hashes": [
                "sha256:434abfd2afe61b69a58af41e7339617f3aa33dc9a05e3b77fa5955204a61b865",
                "sha256:a73e355138675db8f535777ddf34bde28580b688be17dc21d0efa65e5c16927c"
            ],
            "index": "pypi",
            "version": "==3.3.3"
        },
        "six": {
            "hashes": [
                "sha256:70e8a77beed4562e7f14fe23a786b54f6296e34344c23bc42f07b15018ff98e9",
                "sha256:832dc0e10feb1aa2c68dcc57dbb658f1c7e65b9b61af69048abc87a2db00a0eb"
            ],
            "version": "==1.11.0"
        }
    }
}
